{
  "object": {
    "pins": [
      {
        "package": "Endpoint",
        "repositoryURL": "https://github.com/OakCityLabs/Endpoint.git",
        "state": {
          "branch": null,
          "revision": "c454493fa94ed693ae0207c99c813ec00b9d1351",
          "version": "1.0.2"
        }
      },
      {
        "package": "Realm",
        "repositoryURL": "https://github.com/realm/realm-cocoa.git",
        "state": {
          "branch": null,
          "revision": "40732f2ec0cdc32d9d3df8219b2e655deb3077f1",
          "version": "3.21.0"
        }
      },
      {
        "package": "RealmCore",
        "repositoryURL": "https://github.com/realm/realm-core",
        "state": {
          "branch": null,
          "revision": "512dfaa4f59930e193c92e00ba1924bde69b19de",
          "version": "5.23.5"
        }
      },
      {
        "package": "RealmCoder",
        "repositoryURL": "https://github.com/OakCityLabs/RealmCoder.git",
        "state": {
          "branch": null,
          "revision": "f09007664c3a20c00c27dfeba5a6515093f93388",
          "version": "1.0.0"
        }
      },
      {
        "package": "swift-log",
        "repositoryURL": "https://github.com/apple/swift-log.git",
        "state": {
          "branch": null,
          "revision": "74d7b91ceebc85daf387ebb206003f78813f71aa",
          "version": "1.2.0"
        }
      }
    ]
  },
  "version": 1
}
